
Microsoft Visual Studio Solution File, Format Version 12.00
# Visual Studio 15
VisualStudioVersion = 15.0.28307.136
MinimumVisualStudioVersion = 10.0.40219.1
Project("{FAE04EC0-301F-11D3-BF4B-00C04F79EFBC}") = "CoreNLogEventLog", "CoreNLogEventLog\CoreNLogEventLog.csproj", "{04956A85-7CA0-433F-8C5C-4372F12E2E72}"
EndProject
Global
	GlobalSection(SolutionConfigurationPlatforms) = preSolution
		Debug|Any CPU = Debug|Any CPU
		Release|Any CPU = Release|Any CPU
	EndGlobalSection
	GlobalSection(ProjectConfigurationPlatforms) = postSolution
		{04956A85-7CA0-433F-8C5C-4372F12E2E72}.Debug|Any CPU.ActiveCfg = Debug|Any CPU
		{04956A85-7CA0-433F-8C5C-4372F12E2E72}.Debug|Any CPU.Build.0 = Debug|Any CPU
		{04956A85-7CA0-433F-8C5C-4372F12E2E72}.Release|Any CPU.ActiveCfg = Release|Any CPU
		{04956A85-7CA0-433F-8C5C-4372F12E2E72}.Release|Any CPU.Build.0 = Release|Any CPU
	EndGlobalSection
	GlobalSection(SolutionProperties) = preSolution
		HideSolutionNode = FALSE
	EndGlobalSection
	GlobalSection(ExtensibilityGlobals) = postSolution
		SolutionGuid = {68AF8FEA-C093-4405-9F2D-4B2BBEC65CE3}
	EndGlobalSection
EndGlobal
